PODS:
  - SDWebImage (5.18.3):
    - SDWebImage/Core (= 5.18.3)
  - SDWebImage/Core (5.18.3)

DEPENDENCIES:
  - SDWebImage

SPEC REPOS:
  trunk:
    - SDWebImage

SPEC CHECKSUMS:
  SDWebImage: 96e0c18ef14010b7485210e92fac888587ebb958

PODFILE CHECKSUM: 831c4b964fba58b90a8d701725ee254132f471a3

COCOAPODS: 1.14.2
