// !$*UTF8*$!
{
	archiveVersion = 1;
	classes = {
	};
	objectVersion = 56;
	objects = {

/* Begin PBXBuildFile section */
		9826951C2B9CCC59E541CD61 /* libPods-MyPlayground.a in Frameworks */ = {isa = PBXBuildFile; fileRef = A6A1D0D4FAE3AD37D09D94AC /* libPods-MyPlayground.a */; };
		CE10260B2AF8947B008110E6 /* Xcode15_New_AssetCatalogs.swift in Sources */ = {isa = PBXBuildFile; fileRef = CE10260A2AF8947B008110E6 /* Xcode15_New_AssetCatalogs.swift */; };
		CE10262B2AF8B49A008110E6 /* Storyboard.storyboard in Resources */ = {isa = PBXBuildFile; fileRef = CE10262A2AF8B49A008110E6 /* Storyboard.storyboard */; };
		CE10262D2AF8B70C008110E6 /* Xcode15_New_StringCatalogs.swift in Sources */ = {isa = PBXBuildFile; fileRef = CE10262C2AF8B70C008110E6 /* Xcode15_New_StringCatalogs.swift */; };
		CE10262F2AF8B866008110E6 /* Xcode15_New_Swift-DocC.swift in Sources */ = {isa = PBXBuildFile; fileRef = CE10262E2AF8B866008110E6 /* Xcode15_New_Swift-DocC.swift */; };
		CE1026312AF8B9A0008110E6 /* Xcode15_New_Swift_Macros.swift in Sources */ = {isa = PBXBuildFile; fileRef = CE1026302AF8B9A0008110E6 /* Xcode15_New_Swift_Macros.swift */; };
		CE1026332AF8BA37008110E6 /* Xcode15_New_Bookmark.swift in Sources */ = {isa = PBXBuildFile; fileRef = CE1026322AF8BA37008110E6 /* Xcode15_New_Bookmark.swift */; };
		CE1181062B391BC300AB42A1 /* ContentView.swift in Sources */ = {isa = PBXBuildFile; fileRef = CE1181052B391BC300AB42A1 /* ContentView.swift */; };
		CE50C4FF2AF0D4EA00816038 /* Xcode15_New_Previews.swift in Sources */ = {isa = PBXBuildFile; fileRef = CE50C4FE2AF0D4EA00816038 /* Xcode15_New_Previews.swift */; };
		CE5F924A2B61015B00ACA09E /* Localizable.xcstrings in Resources */ = {isa = PBXBuildFile; fileRef = CE5F92492B61015B00ACA09E /* Localizable.xcstrings */; };
		CE8E3ABE2B31A52400CD1F3A /* ConcurrencyView.swift in Sources */ = {isa = PBXBuildFile; fileRef = CE8E3ABC2B31A52400CD1F3A /* ConcurrencyView.swift */; };
		CE95C9232AF8931F00DEB25E /* Xcode15_New.swift in Sources */ = {isa = PBXBuildFile; fileRef = CE95C9222AF8931F00DEB25E /* Xcode15_New.swift */; };
		CEA0F8BD2B3C1A4400EB883B /* AsyncLetDemoView.swift in Sources */ = {isa = PBXBuildFile; fileRef = CEA0F8BC2B3C1A4400EB883B /* AsyncLetDemoView.swift */; };
		CEA0F8BF2B3C28CE00EB883B /* UserTaskGroupDemoView.swift in Sources */ = {isa = PBXBuildFile; fileRef = CEA0F8BE2B3C28CE00EB883B /* UserTaskGroupDemoView.swift */; };
		CEA0F9362B3D8C0B00EB883B /* StructuredDemoView.swift in Sources */ = {isa = PBXBuildFile; fileRef = CEA0F9352B3D8C0B00EB883B /* StructuredDemoView.swift */; };
		CEAD9D0B2AA0941000DF6212 /* MyPlaygroundApp.swift in Sources */ = {isa = PBXBuildFile; fileRef = CEAD9D0A2AA0941000DF6212 /* MyPlaygroundApp.swift */; };
		CEAD9D0F2AA0941100DF6212 /* Assets.xcassets in Resources */ = {isa = PBXBuildFile; fileRef = CEAD9D0E2AA0941100DF6212 /* Assets.xcassets */; };
		CEAD9D122AA0941100DF6212 /* Preview Assets.xcassets in Resources */ = {isa = PBXBuildFile; fileRef = CEAD9D112AA0941100DF6212 /* Preview Assets.xcassets */; };
		CEBBA6972B96C3590059D51B /* OnceTask.swift in Sources */ = {isa = PBXBuildFile; fileRef = CEBBA6922B96C3590059D51B /* OnceTask.swift */; };
		CEBBA6992B96C35E0059D51B /* LifeMonitor.swift in Sources */ = {isa = PBXBuildFile; fileRef = CEBBA6982B96C35E0059D51B /* LifeMonitor.swift */; };
/* End PBXBuildFile section */

/* Begin PBXContainerItemProxy section */
		CE28A28D2BAD5DC700212AA0 /* PBXContainerItemProxy */ = {
			isa = PBXContainerItemProxy;
			containerPortal = CE28A2862BAD5DC600212AA0 /* Playground.xcodeproj */;
			proxyType = 2;
			remoteGlobalIDString = CE28A2752BAD5DB700212AA0;
			remoteInfo = Playground;
		};
		CE28A3C72BB6BC8500212AA0 /* PBXContainerItemProxy */ = {
			isa = PBXContainerItemProxy;
			containerPortal = CE28A3C32BB6BC8500212AA0 /* Rotation.xcodeproj */;
			proxyType = 2;
			remoteGlobalIDString = CE28A2D92BB54A8E00212AA0;
			remoteInfo = Rotation;
		};
		CE28A3CD2BB6BC8900212AA0 /* PBXContainerItemProxy */ = {
			isa = PBXContainerItemProxy;
			containerPortal = CE28A3C92BB6BC8900212AA0 /* ResultBuilder.xcodeproj */;
			proxyType = 2;
			remoteGlobalIDString = CE28A3112BB6A6A400212AA0;
			remoteInfo = ResultBuilder;
		};
		CE28A3D32BB6BD6300212AA0 /* PBXContainerItemProxy */ = {
			isa = PBXContainerItemProxy;
			containerPortal = CE28A3CF2BB6BD6300212AA0 /* FoodPicker.xcodeproj */;
			proxyType = 2;
			remoteGlobalIDString = CE31E39E2B4BB626008355F0;
			remoteInfo = FoodPicker;
		};
		CE28A3D92BB6BD6900212AA0 /* PBXContainerItemProxy */ = {
			isa = PBXContainerItemProxy;
			containerPortal = CE28A3D52BB6BD6900212AA0 /* Landmarks.xcodeproj */;
			proxyType = 2;
			remoteGlobalIDString = CE9854282B455DC10017B732;
			remoteInfo = Landmarks;
		};
		CEF413172B7343F000CC0B2E /* PBXContainerItemProxy */ = {
			isa = PBXContainerItemProxy;
			containerPortal = CEF413132B7343F000CC0B2E /* PokeMaster.xcodeproj */;
			proxyType = 2;
			remoteGlobalIDString = CEF412F22B7343B200CC0B2E;
			remoteInfo = PokeMaster;
		};
		CEF4131D2B73444F00CC0B2E /* PBXContainerItemProxy */ = {
			isa = PBXContainerItemProxy;
			containerPortal = CEF413192B73444F00CC0B2E /* Calculator.xcodeproj */;
			proxyType = 2;
			remoteGlobalIDString = CE9DF5072B46A81D0010630F;
			remoteInfo = Calculator;
		};
/* End PBXContainerItemProxy section */

/* Begin PBXFileReference section */
		47973E878E866F4B3A62CB90 /* Pods-MyPlayground.release.xcconfig */ = {isa = PBXFileReference; includeInIndex = 1; lastKnownFileType = text.xcconfig; name = "Pods-MyPlayground.release.xcconfig"; path = "Target Support Files/Pods-MyPlayground/Pods-MyPlayground.release.xcconfig"; sourceTree = "<group>"; };
		A6A1D0D4FAE3AD37D09D94AC /* libPods-MyPlayground.a */ = {isa = PBXFileReference; explicitFileType = archive.ar; includeInIndex = 0; path = "libPods-MyPlayground.a"; sourceTree = BUILT_PRODUCTS_DIR; };
		CE10260A2AF8947B008110E6 /* Xcode15_New_AssetCatalogs.swift */ = {isa = PBXFileReference; lastKnownFileType = sourcecode.swift; path = Xcode15_New_AssetCatalogs.swift; sourceTree = "<group>"; };
		CE10262A2AF8B49A008110E6 /* Storyboard.storyboard */ = {isa = PBXFileReference; lastKnownFileType = file.storyboard; path = Storyboard.storyboard; sourceTree = "<group>"; };
		CE10262C2AF8B70C008110E6 /* Xcode15_New_StringCatalogs.swift */ = {isa = PBXFileReference; lastKnownFileType = sourcecode.swift; path = Xcode15_New_StringCatalogs.swift; sourceTree = "<group>"; };
		CE10262E2AF8B866008110E6 /* Xcode15_New_Swift-DocC.swift */ = {isa = PBXFileReference; lastKnownFileType = sourcecode.swift; path = "Xcode15_New_Swift-DocC.swift"; sourceTree = "<group>"; };
		CE1026302AF8B9A0008110E6 /* Xcode15_New_Swift_Macros.swift */ = {isa = PBXFileReference; lastKnownFileType = sourcecode.swift; path = Xcode15_New_Swift_Macros.swift; sourceTree = "<group>"; };
		CE1026322AF8BA37008110E6 /* Xcode15_New_Bookmark.swift */ = {isa = PBXFileReference; lastKnownFileType = sourcecode.swift; path = Xcode15_New_Bookmark.swift; sourceTree = "<group>"; };
		CE1181052B391BC300AB42A1 /* ContentView.swift */ = {isa = PBXFileReference; fileEncoding = 4; lastKnownFileType = sourcecode.swift; path = ContentView.swift; sourceTree = "<group>"; };
		CE228E2B2B3C13C0002DF8B8 /* SwiftConcurrency.playground */ = {isa = PBXFileReference; lastKnownFileType = file.playground; path = SwiftConcurrency.playground; sourceTree = "<group>"; xcLanguageSpecificationIdentifier = xcode.lang.swift; };
		CE28A2862BAD5DC600212AA0 /* Playground.xcodeproj */ = {isa = PBXFileReference; lastKnownFileType = "wrapper.pb-project"; name = Playground.xcodeproj; path = Playground/Playground.xcodeproj; sourceTree = "<group>"; };
		CE28A3C32BB6BC8500212AA0 /* Rotation.xcodeproj */ = {isa = PBXFileReference; lastKnownFileType = "wrapper.pb-project"; name = Rotation.xcodeproj; path = Rotation/Rotation.xcodeproj; sourceTree = "<group>"; };
		CE28A3C92BB6BC8900212AA0 /* ResultBuilder.xcodeproj */ = {isa = PBXFileReference; lastKnownFileType = "wrapper.pb-project"; name = ResultBuilder.xcodeproj; path = ResultBuilder/ResultBuilder.xcodeproj; sourceTree = "<group>"; };
		CE28A3CF2BB6BD6300212AA0 /* FoodPicker.xcodeproj */ = {isa = PBXFileReference; lastKnownFileType = "wrapper.pb-project"; name = FoodPicker.xcodeproj; path = FoodPicker/FoodPicker.xcodeproj; sourceTree = "<group>"; };
		CE28A3D52BB6BD6900212AA0 /* Landmarks.xcodeproj */ = {isa = PBXFileReference; lastKnownFileType = "wrapper.pb-project"; name = Landmarks.xcodeproj; path = Landmarks/Landmarks.xcodeproj; sourceTree = "<group>"; };
		CE486AD32AF1041A00A4657F /* PhantomType.playground */ = {isa = PBXFileReference; lastKnownFileType = file.playground; path = PhantomType.playground; sourceTree = "<group>"; xcLanguageSpecificationIdentifier = xcode.lang.swift; };
		CE50C4FA2AF0D3BC00816038 /* MyPlayground.playground */ = {isa = PBXFileReference; lastKnownFileType = file.playground; path = MyPlayground.playground; sourceTree = "<group>"; xcLanguageSpecificationIdentifier = xcode.lang.swift; };
		CE50C4FB2AF0D3DB00816038 /* MarkupFormat.playground */ = {isa = PBXFileReference; lastKnownFileType = file.playground; path = MarkupFormat.playground; sourceTree = "<group>"; xcLanguageSpecificationIdentifier = xcode.lang.swift; };
		CE50C4FE2AF0D4EA00816038 /* Xcode15_New_Previews.swift */ = {isa = PBXFileReference; lastKnownFileType = sourcecode.swift; path = Xcode15_New_Previews.swift; sourceTree = "<group>"; };
		CE5F92492B61015B00ACA09E /* Localizable.xcstrings */ = {isa = PBXFileReference; lastKnownFileType = text.json.xcstrings; path = Localizable.xcstrings; sourceTree = "<group>"; };
		CE8E3ABC2B31A52400CD1F3A /* ConcurrencyView.swift */ = {isa = PBXFileReference; fileEncoding = 4; lastKnownFileType = sourcecode.swift; path = ConcurrencyView.swift; sourceTree = "<group>"; };
		CE95C9222AF8931F00DEB25E /* Xcode15_New.swift */ = {isa = PBXFileReference; lastKnownFileType = sourcecode.swift; path = Xcode15_New.swift; sourceTree = "<group>"; };
		CE9853802B3EA2030017B732 /* Global Actor.playground */ = {isa = PBXFileReference; lastKnownFileType = file.playground; path = "Global Actor.playground"; sourceTree = "<group>"; xcLanguageSpecificationIdentifier = xcode.lang.swift; };
		CE9853812B3EA2190017B732 /* Task & Actor.playground */ = {isa = PBXFileReference; lastKnownFileType = file.playground; path = "Task & Actor.playground"; sourceTree = "<group>"; xcLanguageSpecificationIdentifier = xcode.lang.swift; };
		CEA0F8BC2B3C1A4400EB883B /* AsyncLetDemoView.swift */ = {isa = PBXFileReference; lastKnownFileType = sourcecode.swift; path = AsyncLetDemoView.swift; sourceTree = "<group>"; };
		CEA0F8BE2B3C28CE00EB883B /* UserTaskGroupDemoView.swift */ = {isa = PBXFileReference; lastKnownFileType = sourcecode.swift; path = UserTaskGroupDemoView.swift; sourceTree = "<group>"; };
		CEA0F9352B3D8C0B00EB883B /* StructuredDemoView.swift */ = {isa = PBXFileReference; lastKnownFileType = sourcecode.swift; path = StructuredDemoView.swift; sourceTree = "<group>"; };
		CEA0F9372B3E9BB800EB883B /* Actor.playground */ = {isa = PBXFileReference; lastKnownFileType = file.playground; path = Actor.playground; sourceTree = "<group>"; xcLanguageSpecificationIdentifier = xcode.lang.swift; };
		CEAD9D072AA0941000DF6212 /* MyPlayground.app */ = {isa = PBXFileReference; explicitFileType = wrapper.application; includeInIndex = 0; path = MyPlayground.app; sourceTree = BUILT_PRODUCTS_DIR; };
		CEAD9D0A2AA0941000DF6212 /* MyPlaygroundApp.swift */ = {isa = PBXFileReference; lastKnownFileType = sourcecode.swift; path = MyPlaygroundApp.swift; sourceTree = "<group>"; };
		CEAD9D0E2AA0941100DF6212 /* Assets.xcassets */ = {isa = PBXFileReference; lastKnownFileType = folder.assetcatalog; path = Assets.xcassets; sourceTree = "<group>"; };
		CEAD9D112AA0941100DF6212 /* Preview Assets.xcassets */ = {isa = PBXFileReference; lastKnownFileType = folder.assetcatalog; path = "Preview Assets.xcassets"; sourceTree = "<group>"; };
		CEBBA6922B96C3590059D51B /* OnceTask.swift */ = {isa = PBXFileReference; fileEncoding = 4; lastKnownFileType = sourcecode.swift; path = OnceTask.swift; sourceTree = "<group>"; };
		CEBBA6982B96C35E0059D51B /* LifeMonitor.swift */ = {isa = PBXFileReference; fileEncoding = 4; lastKnownFileType = sourcecode.swift; path = LifeMonitor.swift; sourceTree = "<group>"; };
		CEF413132B7343F000CC0B2E /* PokeMaster.xcodeproj */ = {isa = PBXFileReference; lastKnownFileType = "wrapper.pb-project"; name = PokeMaster.xcodeproj; path = PokeMaster/PokeMaster.xcodeproj; sourceTree = "<group>"; };
		CEF413192B73444F00CC0B2E /* Calculator.xcodeproj */ = {isa = PBXFileReference; lastKnownFileType = "wrapper.pb-project"; name = Calculator.xcodeproj; path = Calculator/Calculator.xcodeproj; sourceTree = "<group>"; };
		DCDDCD0245A2436CEE749FB7 /* Pods-MyPlayground.debug.xcconfig */ = {isa = PBXFileReference; includeInIndex = 1; lastKnownFileType = text.xcconfig; name = "Pods-MyPlayground.debug.xcconfig"; path = "Target Support Files/Pods-MyPlayground/Pods-MyPlayground.debug.xcconfig"; sourceTree = "<group>"; };
/* End PBXFileReference section */

/* Begin PBXFrameworksBuildPhase section */
		CEAD9D042AA0941000DF6212 /* Frameworks */ = {
			isa = PBXFrameworksBuildPhase;
			buildActionMask = 2147483647;
			files = (
				9826951C2B9CCC59E541CD61 /* libPods-MyPlayground.a in Frameworks */,
			);
			runOnlyForDeploymentPostprocessing = 0;
		};
/* End PBXFrameworksBuildPhase section */

/* Begin PBXGroup section */
		775D1CD063F94F0AC53FFD2C /* Frameworks */ = {
			isa = PBXGroup;
			children = (
				A6A1D0D4FAE3AD37D09D94AC /* libPods-MyPlayground.a */,
			);
			name = Frameworks;
			sourceTree = "<group>";
		};
		CE036AC42B61286C00CF6487 /* SwiftUI */ = {
			isa = PBXGroup;
			children = (
				CE28A3D52BB6BD6900212AA0 /* Landmarks.xcodeproj */,
				CE28A3CF2BB6BD6300212AA0 /* FoodPicker.xcodeproj */,
				CE28A3C92BB6BC8900212AA0 /* ResultBuilder.xcodeproj */,
				CE28A3C32BB6BC8500212AA0 /* Rotation.xcodeproj */,
				CE28A2862BAD5DC600212AA0 /* Playground.xcodeproj */,
				CEF413192B73444F00CC0B2E /* Calculator.xcodeproj */,
				CEF413132B7343F000CC0B2E /* PokeMaster.xcodeproj */,
			);
			path = SwiftUI;
			sourceTree = "<group>";
		};
		CE1180E22B341A8600AB42A1 /* Concurrency */ = {
			isa = PBXGroup;
			children = (
				CE228E2B2B3C13C0002DF8B8 /* SwiftConcurrency.playground */,
				CEA0F8BC2B3C1A4400EB883B /* AsyncLetDemoView.swift */,
				CEA0F8BE2B3C28CE00EB883B /* UserTaskGroupDemoView.swift */,
				CEA0F9352B3D8C0B00EB883B /* StructuredDemoView.swift */,
				CEA0F9372B3E9BB800EB883B /* Actor.playground */,
				CE9853802B3EA2030017B732 /* Global Actor.playground */,
				CE9853812B3EA2190017B732 /* Task & Actor.playground */,
				CE8E3ABC2B31A52400CD1F3A /* ConcurrencyView.swift */,
			);
			path = Concurrency;
			sourceTree = "<group>";
		};
		CE28A2872BAD5DC600212AA0 /* Products */ = {
			isa = PBXGroup;
			children = (
				CE28A28E2BAD5DC700212AA0 /* Playground.app */,
			);
			name = Products;
			sourceTree = "<group>";
		};
		CE28A3C42BB6BC8500212AA0 /* Products */ = {
			isa = PBXGroup;
			children = (
				CE28A3C82BB6BC8500212AA0 /* Rotation.app */,
			);
			name = Products;
			sourceTree = "<group>";
		};
		CE28A3CA2BB6BC8900212AA0 /* Products */ = {
			isa = PBXGroup;
			children = (
				CE28A3CE2BB6BC8900212AA0 /* ResultBuilder.app */,
			);
			name = Products;
			sourceTree = "<group>";
		};
		CE28A3D02BB6BD6300212AA0 /* Products */ = {
			isa = PBXGroup;
			children = (
				CE28A3D42BB6BD6300212AA0 /* FoodPicker.app */,
			);
			name = Products;
			sourceTree = "<group>";
		};
		CE28A3D62BB6BD6900212AA0 /* Products */ = {
			isa = PBXGroup;
			children = (
				CE28A3DA2BB6BD6900212AA0 /* Landmarks.app */,
			);
			name = Products;
			sourceTree = "<group>";
		};
		CE4A6D932AF88C9100E610D0 /* Xcode15_New */ = {
			isa = PBXGroup;
			children = (
				CE95C9222AF8931F00DEB25E /* Xcode15_New.swift */,
				CE10260A2AF8947B008110E6 /* Xcode15_New_AssetCatalogs.swift */,
				CE10262C2AF8B70C008110E6 /* Xcode15_New_StringCatalogs.swift */,
				CE5F92492B61015B00ACA09E /* Localizable.xcstrings */,
				CE10262E2AF8B866008110E6 /* Xcode15_New_Swift-DocC.swift */,
				CE1026302AF8B9A0008110E6 /* Xcode15_New_Swift_Macros.swift */,
				CE50C4FE2AF0D4EA00816038 /* Xcode15_New_Previews.swift */,
				CE1026322AF8BA37008110E6 /* Xcode15_New_Bookmark.swift */,
			);
			path = Xcode15_New;
			sourceTree = "<group>";
		};
		CEAD9CFE2AA0941000DF6212 = {
			isa = PBXGroup;
			children = (
				CEBBA6982B96C35E0059D51B /* LifeMonitor.swift */,
				CEBBA6922B96C3590059D51B /* OnceTask.swift */,
				CE50C4FA2AF0D3BC00816038 /* MyPlayground.playground */,
				CE486AD32AF1041A00A4657F /* PhantomType.playground */,
				CE50C4FB2AF0D3DB00816038 /* MarkupFormat.playground */,
				CE1180E22B341A8600AB42A1 /* Concurrency */,
				CE4A6D932AF88C9100E610D0 /* Xcode15_New */,
				CE036AC42B61286C00CF6487 /* SwiftUI */,
				CEAD9D092AA0941000DF6212 /* MyPlayground */,
				CEAD9D082AA0941000DF6212 /* Products */,
				D11182C847FD3EC47E902B1A /* Pods */,
				775D1CD063F94F0AC53FFD2C /* Frameworks */,
			);
			sourceTree = "<group>";
		};
		CEAD9D082AA0941000DF6212 /* Products */ = {
			isa = PBXGroup;
			children = (
				CEAD9D072AA0941000DF6212 /* MyPlayground.app */,
			);
			name = Products;
			sourceTree = "<group>";
		};
		CEAD9D092AA0941000DF6212 /* MyPlayground */ = {
			isa = PBXGroup;
			children = (
				CEAD9D0A2AA0941000DF6212 /* MyPlaygroundApp.swift */,
				CE1181052B391BC300AB42A1 /* ContentView.swift */,
				CEAD9D0E2AA0941100DF6212 /* Assets.xcassets */,
				CE10262A2AF8B49A008110E6 /* Storyboard.storyboard */,
				CEAD9D102AA0941100DF6212 /* Preview Content */,
			);
			path = MyPlayground;
			sourceTree = "<group>";
		};
		CEAD9D102AA0941100DF6212 /* Preview Content */ = {
			isa = PBXGroup;
			children = (
				CEAD9D112AA0941100DF6212 /* Preview Assets.xcassets */,
			);
			path = "Preview Content";
			sourceTree = "<group>";
		};
		CEF413142B7343F000CC0B2E /* Products */ = {
			isa = PBXGroup;
			children = (
				CEF413182B7343F000CC0B2E /* PokeMaster.app */,
			);
			name = Products;
			sourceTree = "<group>";
		};
		CEF4131A2B73444F00CC0B2E /* Products */ = {
			isa = PBXGroup;
			children = (
				CEF4131E2B73444F00CC0B2E /* Calculator.app */,
			);
			name = Products;
			sourceTree = "<group>";
		};
		D11182C847FD3EC47E902B1A /* Pods */ = {
			isa = PBXGroup;
			children = (
				DCDDCD0245A2436CEE749FB7 /* Pods-MyPlayground.debug.xcconfig */,
				47973E878E866F4B3A62CB90 /* Pods-MyPlayground.release.xcconfig */,
			);
			path = Pods;
			sourceTree = "<group>";
		};
/* End PBXGroup section */

/* Begin PBXNativeTarget section */
		CEAD9D062AA0941000DF6212 /* MyPlayground */ = {
			isa = PBXNativeTarget;
			buildConfigurationList = CEAD9D152AA0941100DF6212 /* Build configuration list for PBXNativeTarget "MyPlayground" */;
			buildPhases = (
				C4C8066DC16DD65D2C193632 /* [CP] Check Pods Manifest.lock */,
				CEAD9D032AA0941000DF6212 /* Sources */,
				CEAD9D042AA0941000DF6212 /* Frameworks */,
				CEAD9D052AA0941000DF6212 /* Resources */,
			);
			buildRules = (
			);
			dependencies = (
			);
			name = MyPlayground;
			productName = MyPlayground;
			productReference = CEAD9D072AA0941000DF6212 /* MyPlayground.app */;
			productType = "com.apple.product-type.application";
		};
/* End PBXNativeTarget section */

/* Begin PBXProject section */
		CEAD9CFF2AA0941000DF6212 /* Project object */ = {
			isa = PBXProject;
			attributes = {
				BuildIndependentTargetsInParallel = 1;
				LastSwiftUpdateCheck = 1430;
				LastUpgradeCheck = 1510;
				TargetAttributes = {
					CEAD9D062AA0941000DF6212 = {
						CreatedOnToolsVersion = 14.3.1;
					};
				};
			};
			buildConfigurationList = CEAD9D022AA0941000DF6212 /* Build configuration list for PBXProject "MyPlayground" */;
			compatibilityVersion = "Xcode 14.0";
			developmentRegion = "zh-Hant";
			hasScannedForEncodings = 0;
			knownRegions = (
				en,
				Base,
				"zh-Hant",
				de,
			);
			mainGroup = CEAD9CFE2AA0941000DF6212;
			productRefGroup = CEAD9D082AA0941000DF6212 /* Products */;
			projectDirPath = "";
			projectReferences = (
				{
					ProductGroup = CEF4131A2B73444F00CC0B2E /* Products */;
					ProjectRef = CEF413192B73444F00CC0B2E /* Calculator.xcodeproj */;
				},
				{
					ProductGroup = CE28A3D02BB6BD6300212AA0 /* Products */;
					ProjectRef = CE28A3CF2BB6BD6300212AA0 /* FoodPicker.xcodeproj */;
				},
				{
					ProductGroup = CE28A3D62BB6BD6900212AA0 /* Products */;
					ProjectRef = CE28A3D52BB6BD6900212AA0 /* Landmarks.xcodeproj */;
				},
				{
					ProductGroup = CE28A2872BAD5DC600212AA0 /* Products */;
					ProjectRef = CE28A2862BAD5DC600212AA0 /* Playground.xcodeproj */;
				},
				{
					ProductGroup = CEF413142B7343F000CC0B2E /* Products */;
					ProjectRef = CEF413132B7343F000CC0B2E /* PokeMaster.xcodeproj */;
				},
				{
					ProductGroup = CE28A3CA2BB6BC8900212AA0 /* Products */;
					ProjectRef = CE28A3C92BB6BC8900212AA0 /* ResultBuilder.xcodeproj */;
				},
				{
					ProductGroup = CE28A3C42BB6BC8500212AA0 /* Products */;
					ProjectRef = CE28A3C32BB6BC8500212AA0 /* Rotation.xcodeproj */;
				},
			);
			projectRoot = "";
			targets = (
				CEAD9D062AA0941000DF6212 /* MyPlayground */,
			);
		};
/* End PBXProject section */

/* Begin PBXReferenceProxy section */
		CE28A28E2BAD5DC700212AA0 /* Playground.app */ = {
			isa = PBXReferenceProxy;
			fileType = wrapper.application;
			path = Playground.app;
			remoteRef = CE28A28D2BAD5DC700212AA0 /* PBXContainerItemProxy */;
			sourceTree = BUILT_PRODUCTS_DIR;
		};
		CE28A3C82BB6BC8500212AA0 /* Rotation.app */ = {
			isa = PBXReferenceProxy;
			fileType = wrapper.application;
			path = Rotation.app;
			remoteRef = CE28A3C72BB6BC8500212AA0 /* PBXContainerItemProxy */;
			sourceTree = BUILT_PRODUCTS_DIR;
		};
		CE28A3CE2BB6BC8900212AA0 /* ResultBuilder.app */ = {
			isa = PBXReferenceProxy;
			fileType = wrapper.application;
			path = ResultBuilder.app;
			remoteRef = CE28A3CD2BB6BC8900212AA0 /* PBXContainerItemProxy */;
			sourceTree = BUILT_PRODUCTS_DIR;
		};
		CE28A3D42BB6BD6300212AA0 /* FoodPicker.app */ = {
			isa = PBXReferenceProxy;
			fileType = wrapper.application;
			path = FoodPicker.app;
			remoteRef = CE28A3D32BB6BD6300212AA0 /* PBXContainerItemProxy */;
			sourceTree = BUILT_PRODUCTS_DIR;
		};
		CE28A3DA2BB6BD6900212AA0 /* Landmarks.app */ = {
			isa = PBXReferenceProxy;
			fileType = wrapper.application;
			path = Landmarks.app;
			remoteRef = CE28A3D92BB6BD6900212AA0 /* PBXContainerItemProxy */;
			sourceTree = BUILT_PRODUCTS_DIR;
		};
		CEF413182B7343F000CC0B2E /* PokeMaster.app */ = {
			isa = PBXReferenceProxy;
			fileType = wrapper.application;
			path = PokeMaster.app;
			remoteRef = CEF413172B7343F000CC0B2E /* PBXContainerItemProxy */;
			sourceTree = BUILT_PRODUCTS_DIR;
		};
		CEF4131E2B73444F00CC0B2E /* Calculator.app */ = {
			isa = PBXReferenceProxy;
			fileType = wrapper.application;
			path = Calculator.app;
			remoteRef = CEF4131D2B73444F00CC0B2E /* PBXContainerItemProxy */;
			sourceTree = BUILT_PRODUCTS_DIR;
		};
/* End PBXReferenceProxy section */

/* Begin PBXResourcesBuildPhase section */
		CEAD9D052AA0941000DF6212 /* Resources */ = {
			isa = PBXResourcesBuildPhase;
			buildActionMask = 2147483647;
			files = (
				CEAD9D122AA0941100DF6212 /* Preview Assets.xcassets in Resources */,
				CE10262B2AF8B49A008110E6 /* Storyboard.storyboard in Resources */,
				CE5F924A2B61015B00ACA09E /* Localizable.xcstrings in Resources */,
				CEAD9D0F2AA0941100DF6212 /* Assets.xcassets in Resources */,
			);
			runOnlyForDeploymentPostprocessing = 0;
		};
/* End PBXResourcesBuildPhase section */

/* Begin PBXShellScriptBuildPhase section */
		C4C8066DC16DD65D2C193632 /* [CP] Check Pods Manifest.lock */ = {
			isa = PBXShellScriptBuildPhase;
			buildActionMask = 2147483647;
			files = (
			);
			inputFileListPaths = (
			);
			inputPaths = (
				"${PODS_PODFILE_DIR_PATH}/Podfile.lock",
				"${PODS_ROOT}/Manifest.lock",
			);
			name = "[CP] Check Pods Manifest.lock";
			outputFileListPaths = (
			);
			outputPaths = (
				"$(DERIVED_FILE_DIR)/Pods-MyPlayground-checkManifestLockResult.txt",
			);
			runOnlyForDeploymentPostprocessing = 0;
			shellPath = /bin/sh;
			shellScript = "diff \"${PODS_PODFILE_DIR_PATH}/Podfile.lock\" \"${PODS_ROOT}/Manifest.lock\" > /dev/null\nif [ $? != 0 ] ; then\n    # print error to STDERR\n    echo \"error: The sandbox is not in sync with the Podfile.lock. Run 'pod install' or update your CocoaPods installation.\" >&2\n    exit 1\nfi\n# This output is used by Xcode 'outputs' to avoid re-running this script phase.\necho \"SUCCESS\" > \"${SCRIPT_OUTPUT_FILE_0}\"\n";
			showEnvVarsInLog = 0;
		};
/* End PBXShellScriptBuildPhase section */

/* Begin PBXSourcesBuildPhase section */
		CEAD9D032AA0941000DF6212 /* Sources */ = {
			isa = PBXSourcesBuildPhase;
			buildActionMask = 2147483647;
			files = (
				CE10262D2AF8B70C008110E6 /* Xcode15_New_StringCatalogs.swift in Sources */,
				CE95C9232AF8931F00DEB25E /* Xcode15_New.swift in Sources */,
				CEA0F9362B3D8C0B00EB883B /* StructuredDemoView.swift in Sources */,
				CEA0F8BF2B3C28CE00EB883B /* UserTaskGroupDemoView.swift in Sources */,
				CE1181062B391BC300AB42A1 /* ContentView.swift in Sources */,
				CE1026312AF8B9A0008110E6 /* Xcode15_New_Swift_Macros.swift in Sources */,
				CE50C4FF2AF0D4EA00816038 /* Xcode15_New_Previews.swift in Sources */,
				CE10262F2AF8B866008110E6 /* Xcode15_New_Swift-DocC.swift in Sources */,
				CEBBA6992B96C35E0059D51B /* LifeMonitor.swift in Sources */,
				CEBBA6972B96C3590059D51B /* OnceTask.swift in Sources */,
				CEA0F8BD2B3C1A4400EB883B /* AsyncLetDemoView.swift in Sources */,
				CE1026332AF8BA37008110E6 /* Xcode15_New_Bookmark.swift in Sources */,
				CE8E3ABE2B31A52400CD1F3A /* ConcurrencyView.swift in Sources */,
				CE10260B2AF8947B008110E6 /* Xcode15_New_AssetCatalogs.swift in Sources */,
				CEAD9D0B2AA0941000DF6212 /* MyPlaygroundApp.swift in Sources */,
			);
			runOnlyForDeploymentPostprocessing = 0;
		};
/* End PBXSourcesBuildPhase section */

/* Begin XCBuildConfiguration section */
		CEAD9D132AA0941100DF6212 /* Debug */ = {
			isa = XCBuildConfiguration;
			buildSettings = {
				ALWAYS_SEARCH_USER_PATHS = NO;
				ASSETCATALOG_COMPILER_GENERATE_SWIFT_ASSET_SYMBOL_EXTENSIONS = YES;
				CLANG_ANALYZER_LOCALIZABILITY_NONLOCALIZED = YES;
				CLANG_ANALYZER_NONNULL = YES;
				CLANG_ANALYZER_NUMBER_OBJECT_CONVERSION = YES_AGGRESSIVE;
				CLANG_CXX_LANGUAGE_STANDARD = "gnu++20";
				CLANG_ENABLE_MODULES = YES;
				CLANG_ENABLE_OBJC_ARC = YES;
				CLANG_ENABLE_OBJC_WEAK = YES;
				CLANG_WARN_BLOCK_CAPTURE_AUTORELEASING = YES;
				CLANG_WARN_BOOL_CONVERSION = YES;
				CLANG_WARN_COMMA = YES;
				CLANG_WARN_CONSTANT_CONVERSION = YES;
				CLANG_WARN_DEPRECATED_OBJC_IMPLEMENTATIONS = YES;
				CLANG_WARN_DIRECT_OBJC_ISA_USAGE = YES_ERROR;
				CLANG_WARN_DOCUMENTATION_COMMENTS = YES;
				CLANG_WARN_EMPTY_BODY = YES;
				CLANG_WARN_ENUM_CONVERSION = YES;
				CLANG_WARN_INFINITE_RECURSION = YES;
				CLANG_WARN_INT_CONVERSION = YES;
				CLANG_WARN_NON_LITERAL_NULL_CONVERSION = YES;
				CLANG_WARN_OBJC_IMPLICIT_RETAIN_SELF = YES;
				CLANG_WARN_OBJC_LITERAL_CONVERSION = YES;
				CLANG_WARN_OBJC_ROOT_CLASS = YES_ERROR;
				CLANG_WARN_QUOTED_INCLUDE_IN_FRAMEWORK_HEADER = YES;
				CLANG_WARN_RANGE_LOOP_ANALYSIS = YES;
				CLANG_WARN_STRICT_PROTOTYPES = YES;
				CLANG_WARN_SUSPICIOUS_MOVE = YES;
				CLANG_WARN_UNGUARDED_AVAILABILITY = YES_AGGRESSIVE;
				CLANG_WARN_UNREACHABLE_CODE = YES;
				CLANG_WARN__DUPLICATE_METHOD_MATCH = YES;
				COPY_PHASE_STRIP = NO;
				DEBUG_INFORMATION_FORMAT = dwarf;
				ENABLE_STRICT_OBJC_MSGSEND = YES;
				ENABLE_TESTABILITY = YES;
				ENABLE_USER_SCRIPT_SANDBOXING = NO;
				GCC_C_LANGUAGE_STANDARD = gnu11;
				GCC_DYNAMIC_NO_PIC = NO;
				GCC_NO_COMMON_BLOCKS = YES;
				GCC_OPTIMIZATION_LEVEL = 0;
				GCC_PREPROCESSOR_DEFINITIONS = (
					"DEBUG=1",
					"$(inherited)",
				);
				GCC_WARN_64_TO_32_BIT_CONVERSION = YES;
				GCC_WARN_ABOUT_RETURN_TYPE = YES_ERROR;
				GCC_WARN_UNDECLARED_SELECTOR = YES;
				GCC_WARN_UNINITIALIZED_AUTOS = YES_AGGRESSIVE;
				GCC_WARN_UNUSED_FUNCTION = YES;
				GCC_WARN_UNUSED_VARIABLE = YES;
				IPHONEOS_DEPLOYMENT_TARGET = 17.0;
				MTL_ENABLE_DEBUG_INFO = INCLUDE_SOURCE;
				MTL_FAST_MATH = YES;
				ONLY_ACTIVE_ARCH = YES;
				SDKROOT = iphoneos;
				SWIFT_ACTIVE_COMPILATION_CONDITIONS = DEBUG;
				SWIFT_OPTIMIZATION_LEVEL = "-Onone";
			};
			name = Debug;
		};
		CEAD9D142AA0941100DF6212 /* Release */ = {
			isa = XCBuildConfiguration;
			buildSettings = {
				ALWAYS_SEARCH_USER_PATHS = NO;
				ASSETCATALOG_COMPILER_GENERATE_SWIFT_ASSET_SYMBOL_EXTENSIONS = YES;
				CLANG_ANALYZER_LOCALIZABILITY_NONLOCALIZED = YES;
				CLANG_ANALYZER_NONNULL = YES;
				CLANG_ANALYZER_NUMBER_OBJECT_CONVERSION = YES_AGGRESSIVE;
				CLANG_CXX_LANGUAGE_STANDARD = "gnu++20";
				CLANG_ENABLE_MODULES = YES;
				CLANG_ENABLE_OBJC_ARC = YES;
				CLANG_ENABLE_OBJC_WEAK = YES;
				CLANG_WARN_BLOCK_CAPTURE_AUTORELEASING = YES;
				CLANG_WARN_BOOL_CONVERSION = YES;
				CLANG_WARN_COMMA = YES;
				CLANG_WARN_CONSTANT_CONVERSION = YES;
				CLANG_WARN_DEPRECATED_OBJC_IMPLEMENTATIONS = YES;
				CLANG_WARN_DIRECT_OBJC_ISA_USAGE = YES_ERROR;
				CLANG_WARN_DOCUMENTATION_COMMENTS = YES;
				CLANG_WARN_EMPTY_BODY = YES;
				CLANG_WARN_ENUM_CONVERSION = YES;
				CLANG_WARN_INFINITE_RECURSION = YES;
				CLANG_WARN_INT_CONVERSION = YES;
				CLANG_WARN_NON_LITERAL_NULL_CONVERSION = YES;
				CLANG_WARN_OBJC_IMPLICIT_RETAIN_SELF = YES;
				CLANG_WARN_OBJC_LITERAL_CONVERSION = YES;
				CLANG_WARN_OBJC_ROOT_CLASS = YES_ERROR;
				CLANG_WARN_QUOTED_INCLUDE_IN_FRAMEWORK_HEADER = YES;
				CLANG_WARN_RANGE_LOOP_ANALYSIS = YES;
				CLANG_WARN_STRICT_PROTOTYPES = YES;
				CLANG_WARN_SUSPICIOUS_MOVE = YES;
				CLANG_WARN_UNGUARDED_AVAILABILITY = YES_AGGRESSIVE;
				CLANG_WARN_UNREACHABLE_CODE = YES;
				CLANG_WARN__DUPLICATE_METHOD_MATCH = YES;
				COPY_PHASE_STRIP = NO;
				DEBUG_INFORMATION_FORMAT = "dwarf-with-dsym";
				ENABLE_NS_ASSERTIONS = NO;
				ENABLE_STRICT_OBJC_MSGSEND = YES;
				ENABLE_USER_SCRIPT_SANDBOXING = NO;
				GCC_C_LANGUAGE_STANDARD = gnu11;
				GCC_NO_COMMON_BLOCKS = YES;
				GCC_WARN_64_TO_32_BIT_CONVERSION = YES;
				GCC_WARN_ABOUT_RETURN_TYPE = YES_ERROR;
				GCC_WARN_UNDECLARED_SELECTOR = YES;
				GCC_WARN_UNINITIALIZED_AUTOS = YES_AGGRESSIVE;
				GCC_WARN_UNUSED_FUNCTION = YES;
				GCC_WARN_UNUSED_VARIABLE = YES;
				IPHONEOS_DEPLOYMENT_TARGET = 17.0;
				MTL_ENABLE_DEBUG_INFO = NO;
				MTL_FAST_MATH = YES;
				SDKROOT = iphoneos;
				SWIFT_COMPILATION_MODE = wholemodule;
				SWIFT_OPTIMIZATION_LEVEL = "-O";
				VALIDATE_PRODUCT = YES;
			};
			name = Release;
		};
		CEAD9D162AA0941100DF6212 /* Debug */ = {
			isa = XCBuildConfiguration;
			baseConfigurationReference = DCDDCD0245A2436CEE749FB7 /* Pods-MyPlayground.debug.xcconfig */;
			buildSettings = {
				ASSETCATALOG_COMPILER_APPICON_NAME = AppIcon;
				ASSETCATALOG_COMPILER_GENERATE_SWIFT_ASSET_SYMBOL_EXTENSIONS = YES;
				ASSETCATALOG_COMPILER_GLOBAL_ACCENT_COLOR_NAME = AccentColor;
				CODE_SIGN_STYLE = Automatic;
				CURRENT_PROJECT_VERSION = 1;
				DEVELOPMENT_ASSET_PATHS = "\"MyPlayground/Preview Content\"";
				ENABLE_PREVIEWS = YES;
				GENERATE_INFOPLIST_FILE = YES;
				INFOPLIST_KEY_UIApplicationSceneManifest_Generation = YES;
				INFOPLIST_KEY_UIApplicationSupportsIndirectInputEvents = YES;
				INFOPLIST_KEY_UILaunchScreen_Generation = YES;
				INFOPLIST_KEY_UISupportedInterfaceOrientations_iPad = "UIInterfaceOrientationPortrait UIInterfaceOrientationPortraitUpsideDown UIInterfaceOrientationLandscapeLeft UIInterfaceOrientationLandscapeRight";
				INFOPLIST_KEY_UISupportedInterfaceOrientations_iPhone = "UIInterfaceOrientationPortrait UIInterfaceOrientationLandscapeLeft UIInterfaceOrientationLandscapeRight";
				IPHONEOS_DEPLOYMENT_TARGET = 17.2;
				LD_RUNPATH_SEARCH_PATHS = (
					"$(inherited)",
					"@executable_path/Frameworks",
				);
				LOCALIZED_STRING_SWIFTUI_SUPPORT = NO;
				MARKETING_VERSION = 1.0;
				PRODUCT_BUNDLE_IDENTIFIER = com.tom.MyPlayground;
				PRODUCT_NAME = "$(TARGET_NAME)";
				SWIFT_VERSION = 5.0;
				TARGETED_DEVICE_FAMILY = "1,2";
			};
			name = Debug;
		};
		CEAD9D172AA0941100DF6212 /* Release */ = {
			isa = XCBuildConfiguration;
			baseConfigurationReference = 47973E878E866F4B3A62CB90 /* Pods-MyPlayground.release.xcconfig */;
			buildSettings = {
				ASSETCATALOG_COMPILER_APPICON_NAME = AppIcon;
				ASSETCATALOG_COMPILER_GENERATE_SWIFT_ASSET_SYMBOL_EXTENSIONS = YES;
				ASSETCATALOG_COMPILER_GLOBAL_ACCENT_COLOR_NAME = AccentColor;
				CODE_SIGN_STYLE = Automatic;
				CURRENT_PROJECT_VERSION = 1;
				DEVELOPMENT_ASSET_PATHS = "\"MyPlayground/Preview Content\"";
				ENABLE_PREVIEWS = YES;
				GENERATE_INFOPLIST_FILE = YES;
				INFOPLIST_KEY_UIApplicationSceneManifest_Generation = YES;
				INFOPLIST_KEY_UIApplicationSupportsIndirectInputEvents = YES;
				INFOPLIST_KEY_UILaunchScreen_Generation = YES;
				INFOPLIST_KEY_UISupportedInterfaceOrientations_iPad = "UIInterfaceOrientationPortrait UIInterfaceOrientationPortraitUpsideDown UIInterfaceOrientationLandscapeLeft UIInterfaceOrientationLandscapeRight";
				INFOPLIST_KEY_UISupportedInterfaceOrientations_iPhone = "UIInterfaceOrientationPortrait UIInterfaceOrientationLandscapeLeft UIInterfaceOrientationLandscapeRight";
				IPHONEOS_DEPLOYMENT_TARGET = 17.2;
				LD_RUNPATH_SEARCH_PATHS = (
					"$(inherited)",
					"@executable_path/Frameworks",
				);
				LOCALIZED_STRING_SWIFTUI_SUPPORT = NO;
				MARKETING_VERSION = 1.0;
				PRODUCT_BUNDLE_IDENTIFIER = com.tom.MyPlayground;
				PRODUCT_NAME = "$(TARGET_NAME)";
				SWIFT_VERSION = 5.0;
				TARGETED_DEVICE_FAMILY = "1,2";
			};
			name = Release;
		};
/* End XCBuildConfiguration section */

/* Begin XCConfigurationList section */
		CEAD9D022AA0941000DF6212 /* Build configuration list for PBXProject "MyPlayground" */ = {
			isa = XCConfigurationList;
			buildConfigurations = (
				CEAD9D132AA0941100DF6212 /* Debug */,
				CEAD9D142AA0941100DF6212 /* Release */,
			);
			defaultConfigurationIsVisible = 0;
			defaultConfigurationName = Release;
		};
		CEAD9D152AA0941100DF6212 /* Build configuration list for PBXNativeTarget "MyPlayground" */ = {
			isa = XCConfigurationList;
			buildConfigurations = (
				CEAD9D162AA0941100DF6212 /* Debug */,
				CEAD9D172AA0941100DF6212 /* Release */,
			);
			defaultConfigurationIsVisible = 0;
			defaultConfigurationName = Release;
		};
/* End XCConfigurationList section */
	};
	rootObject = CEAD9CFF2AA0941000DF6212 /* Project object */;
}
